
Microsoft Visual Studio Solution File, Format Version 12.00
# Visual Studio Version 17
VisualStudioVersion = 17.0.31903.59
MinimumVisualStudioVersion = 10.0.40219.1
Project("{2150E333-8FDC-42A3-9474-1A3956D46DE8}") = "src", "src", "{4147E6D5-BDA3-4D6C-BD27-B0DBEDF0DA7E}"
EndProject
Project("{FAE04EC0-301F-11D3-BF4B-00C04F79EFBC}") = "AecHub.Contracts", "src\AecHub.Contracts\AecHub.Contracts.csproj", "{66E2F4C8-3272-434E-B3AB-6A6B2C5AB9C1}"
EndProject
Project("{FAE04EC0-301F-11D3-BF4B-00C04F79EFBC}") = "AecHub.Agent.Shared", "src\AecHub.Agent.Shared\AecHub.Agent.Shared.csproj", "{5A32D4EC-0CF1-4797-88DF-7C3F8EB64A62}"
EndProject
Project("{FAE04EC0-301F-11D3-BF4B-00C04F79EFBC}") = "AecHub.Agent.Revit", "src\AecHub.Agent.Revit\AecHub.Agent.Revit.csproj", "{FC1AA30D-CC67-4ED5-B815-07614E1C9E98}"
EndProject
Project("{FAE04EC0-301F-11D3-BF4B-00C04F79EFBC}") = "AecHub.Agent.Acad", "src\AecHub.Agent.Acad\AecHub.Agent.Acad.csproj", "{4EC4C1C4-3698-475A-B23F-8258C1A0D806}"
EndProject
Project("{FAE04EC0-301F-11D3-BF4B-00C04F79EFBC}") = "AecHub.Agent.Acad.Civil3D", "src\AecHub.Agent.Acad.Civil3D\AecHub.Agent.Acad.Civil3D.csproj", "{0AF28C42-8BB6-4C5E-885A-BF002C176BB2}"
EndProject
Project("{FAE04EC0-301F-11D3-BF4B-00C04F79EFBC}") = "AecHub.Hub.Core", "src\AecHub.Hub.Core\AecHub.Hub.Core.csproj", "{D470C51F-96FD-4951-B13D-4AAE9CBF83E6}"
EndProject
Project("{FAE04EC0-301F-11D3-BF4B-00C04F79EFBC}") = "AecHub.Hub", "src\AecHub.Hub\AecHub.Hub.csproj", "{FFF1FB97-1BA5-435D-BBDB-8D591418B6D3}"
EndProject
Project("{FAE04EC0-301F-11D3-BF4B-00C04F79EFBC}") = "AecHub.Cli", "src\AecHub.Cli\AecHub.Cli.csproj", "{06D68462-1AD8-4C2E-9062-9612BDCA7B66}"
EndProject
Project("{2150E333-8FDC-42A3-9474-1A3956D46DE8}") = "tests", "tests", "{C1FB9C03-2C3B-49CA-8A39-0D5F1D742582}"
EndProject
Project("{FAE04EC0-301F-11D3-BF4B-00C04F79EFBC}") = "AecHub.Tests", "tests\AecHub.Tests\AecHub.Tests.csproj", "{44D8258C-A856-49BC-A48E-32495AB8CD9E}"
EndProject
Global
	GlobalSection(SolutionConfigurationPlatforms) = preSolution
		Debug|Any CPU = Debug|Any CPU
		Release|Any CPU = Release|Any CPU
	EndGlobalSection
	GlobalSection(SolutionProperties) = preSolution
		HideSolutionNode = FALSE
	EndGlobalSection
	GlobalSection(ProjectConfigurationPlatforms) = postSolution
		{66E2F4C8-3272-434E-B3AB-6A6B2C5AB9C1}.Debug|Any CPU.ActiveCfg = Debug|Any CPU
		{66E2F4C8-3272-434E-B3AB-6A6B2C5AB9C1}.Debug|Any CPU.Build.0 = Debug|Any CPU
		{66E2F4C8-3272-434E-B3AB-6A6B2C5AB9C1}.Release|Any CPU.ActiveCfg = Release|Any CPU
		{66E2F4C8-3272-434E-B3AB-6A6B2C5AB9C1}.Release|Any CPU.Build.0 = Release|Any CPU
		{5A32D4EC-0CF1-4797-88DF-7C3F8EB64A62}.Debug|Any CPU.ActiveCfg = Debug|Any CPU
		{5A32D4EC-0CF1-4797-88DF-7C3F8EB64A62}.Debug|Any CPU.Build.0 = Debug|Any CPU
		{5A32D4EC-0CF1-4797-88DF-7C3F8EB64A62}.Release|Any CPU.ActiveCfg = Release|Any CPU
		{5A32D4EC-0CF1-4797-88DF-7C3F8EB64A62}.Release|Any CPU.Build.0 = Release|Any CPU
		{FC1AA30D-CC67-4ED5-B815-07614E1C9E98}.Debug|Any CPU.ActiveCfg = Debug|Any CPU
		{FC1AA30D-CC67-4ED5-B815-07614E1C9E98}.Debug|Any CPU.Build.0 = Debug|Any CPU
		{FC1AA30D-CC67-4ED5-B815-07614E1C9E98}.Release|Any CPU.ActiveCfg = Release|Any CPU
		{FC1AA30D-CC67-4ED5-B815-07614E1C9E98}.Release|Any CPU.Build.0 = Release|Any CPU
		{4EC4C1C4-3698-475A-B23F-8258C1A0D806}.Debug|Any CPU.ActiveCfg = Debug|Any CPU
		{4EC4C1C4-3698-475A-B23F-8258C1A0D806}.Debug|Any CPU.Build.0 = Debug|Any CPU
		{4EC4C1C4-3698-475A-B23F-8258C1A0D806}.Release|Any CPU.ActiveCfg = Release|Any CPU
		{4EC4C1C4-3698-475A-B23F-8258C1A0D806}.Release|Any CPU.Build.0 = Release|Any CPU
		{0AF28C42-8BB6-4C5E-885A-BF002C176BB2}.Debug|Any CPU.ActiveCfg = Debug|Any CPU
		{0AF28C42-8BB6-4C5E-885A-BF002C176BB2}.Debug|Any CPU.Build.0 = Debug|Any CPU
		{0AF28C42-8BB6-4C5E-885A-BF002C176BB2}.Release|Any CPU.ActiveCfg = Release|Any CPU
		{0AF28C42-8BB6-4C5E-885A-BF002C176BB2}.Release|Any CPU.Build.0 = Release|Any CPU
		{D470C51F-96FD-4951-B13D-4AAE9CBF83E6}.Debug|Any CPU.ActiveCfg = Debug|Any CPU
		{D470C51F-96FD-4951-B13D-4AAE9CBF83E6}.Debug|Any CPU.Build.0 = Debug|Any CPU
		{D470C51F-96FD-4951-B13D-4AAE9CBF83E6}.Release|Any CPU.ActiveCfg = Release|Any CPU
		{D470C51F-96FD-4951-B13D-4AAE9CBF83E6}.Release|Any CPU.Build.0 = Release|Any CPU
		{FFF1FB97-1BA5-435D-BBDB-8D591418B6D3}.Debug|Any CPU.ActiveCfg = Debug|Any CPU
		{FFF1FB97-1BA5-435D-BBDB-8D591418B6D3}.Debug|Any CPU.Build.0 = Debug|Any CPU
		{FFF1FB97-1BA5-435D-BBDB-8D591418B6D3}.Release|Any CPU.ActiveCfg = Release|Any CPU
		{FFF1FB97-1BA5-435D-BBDB-8D591418B6D3}.Release|Any CPU.Build.0 = Release|Any CPU
		{06D68462-1AD8-4C2E-9062-9612BDCA7B66}.Debug|Any CPU.ActiveCfg = Debug|Any CPU
		{06D68462-1AD8-4C2E-9062-9612BDCA7B66}.Debug|Any CPU.Build.0 = Debug|Any CPU
		{06D68462-1AD8-4C2E-9062-9612BDCA7B66}.Release|Any CPU.ActiveCfg = Release|Any CPU
		{06D68462-1AD8-4C2E-9062-9612BDCA7B66}.Release|Any CPU.Build.0 = Release|Any CPU
		{44D8258C-A856-49BC-A48E-32495AB8CD9E}.Debug|Any CPU.ActiveCfg = Debug|Any CPU
		{44D8258C-A856-49BC-A48E-32495AB8CD9E}.Debug|Any CPU.Build.0 = Debug|Any CPU
		{44D8258C-A856-49BC-A48E-32495AB8CD9E}.Release|Any CPU.ActiveCfg = Release|Any CPU
		{44D8258C-A856-49BC-A48E-32495AB8CD9E}.Release|Any CPU.Build.0 = Release|Any CPU
	EndGlobalSection
	GlobalSection(NestedProjects) = preSolution
		{66E2F4C8-3272-434E-B3AB-6A6B2C5AB9C1} = {4147E6D5-BDA3-4D6C-BD27-B0DBEDF0DA7E}
		{5A32D4EC-0CF1-4797-88DF-7C3F8EB64A62} = {4147E6D5-BDA3-4D6C-BD27-B0DBEDF0DA7E}
		{FC1AA30D-CC67-4ED5-B815-07614E1C9E98} = {4147E6D5-BDA3-4D6C-BD27-B0DBEDF0DA7E}
		{4EC4C1C4-3698-475A-B23F-8258C1A0D806} = {4147E6D5-BDA3-4D6C-BD27-B0DBEDF0DA7E}
		{0AF28C42-8BB6-4C5E-885A-BF002C176BB2} = {4147E6D5-BDA3-4D6C-BD27-B0DBEDF0DA7E}
		{D470C51F-96FD-4951-B13D-4AAE9CBF83E6} = {4147E6D5-BDA3-4D6C-BD27-B0DBEDF0DA7E}
		{FFF1FB97-1BA5-435D-BBDB-8D591418B6D3} = {4147E6D5-BDA3-4D6C-BD27-B0DBEDF0DA7E}
		{06D68462-1AD8-4C2E-9062-9612BDCA7B66} = {4147E6D5-BDA3-4D6C-BD27-B0DBEDF0DA7E}
		{44D8258C-A856-49BC-A48E-32495AB8CD9E} = {C1FB9C03-2C3B-49CA-8A39-0D5F1D742582}
	EndGlobalSection
EndGlobal
